
Microsoft Visual Studio Solution File, Format Version 12.00
# Visual Studio 15
VisualStudioVersion = 15.0.27130.2036
MinimumVisualStudioVersion = 10.0.40219.1
Project("{FAE04EC0-301F-11D3-BF4B-00C04F79EFBC}") = "Color Scheme", "Color Scheme\Color Scheme.csproj", "{0356B25F-617F-4F2B-BCEB-5EEEA573267C}"
EndProject
Global
	GlobalSection(SolutionConfigurationPlatforms) = preSolution
		Debug|Any CPU = Debug|Any CPU
		Debug|ARM = Debug|ARM
		Debug|x64 = Debug|x64
		Debug|x86 = Debug|x86
		Release|Any CPU = Release|Any CPU
		Release|ARM = Release|ARM
		Release|x64 = Release|x64
		Release|x86 = Release|x86
	EndGlobalSection
	GlobalSection(ProjectConfigurationPlatforms) = postSolution
		{0356B25F-617F-4F2B-BCEB-5EEEA573267C}.Debug|Any CPU.ActiveCfg = Debug|x86
		{0356B25F-617F-4F2B-BCEB-5EEEA573267C}.Debug|ARM.ActiveCfg = Debug|ARM
		{0356B25F-617F-4F2B-BCEB-5EEEA573267C}.Debug|ARM.Build.0 = Debug|ARM
		{0356B25F-617F-4F2B-BCEB-5EEEA573267C}.Debug|ARM.Deploy.0 = Debug|ARM
		{0356B25F-617F-4F2B-BCEB-5EEEA573267C}.Debug|x64.ActiveCfg = Debug|x64
		{0356B25F-617F-4F2B-BCEB-5EEEA573267C}.Debug|x64.Build.0 = Debug|x64
		{0356B25F-617F-4F2B-BCEB-5EEEA573267C}.Debug|x64.Deploy.0 = Debug|x64
		{0356B25F-617F-4F2B-BCEB-5EEEA573267C}.Debug|x86.ActiveCfg = Debug|x86
		{0356B25F-617F-4F2B-BCEB-5EEEA573267C}.Debug|x86.Build.0 = Debug|x86
		{0356B25F-617F-4F2B-BCEB-5EEEA573267C}.Debug|x86.Deploy.0 = Debug|x86
		{0356B25F-617F-4F2B-BCEB-5EEEA573267C}.Release|Any CPU.ActiveCfg = Release|x86
		{0356B25F-617F-4F2B-BCEB-5EEEA573267C}.Release|ARM.ActiveCfg = Release|ARM
		{0356B25F-617F-4F2B-BCEB-5EEEA573267C}.Release|ARM.Build.0 = Release|ARM
		{0356B25F-617F-4F2B-BCEB-5EEEA573267C}.Release|ARM.Deploy.0 = Release|ARM
		{0356B25F-617F-4F2B-BCEB-5EEEA573267C}.Release|x64.ActiveCfg = Release|x64
		{0356B25F-617F-4F2B-BCEB-5EEEA573267C}.Release|x64.Build.0 = Release|x64
		{0356B25F-617F-4F2B-BCEB-5EEEA573267C}.Release|x64.Deploy.0 = Release|x64
		{0356B25F-617F-4F2B-BCEB-5EEEA573267C}.Release|x86.ActiveCfg = Release|x86
		{0356B25F-617F-4F2B-BCEB-5EEEA573267C}.Release|x86.Build.0 = Release|x86
		{0356B25F-617F-4F2B-BCEB-5EEEA573267C}.Release|x86.Deploy.0 = Release|x86
	EndGlobalSection
	GlobalSection(SolutionProperties) = preSolution
		HideSolutionNode = FALSE
	EndGlobalSection
	GlobalSection(ExtensibilityGlobals) = postSolution
		SolutionGuid = {81E81194-3942-4609-9DE5-923067C74B8C}
	EndGlobalSection
EndGlobal
