
Microsoft Visual Studio Solution File, Format Version 12.00
# Visual Studio 15
VisualStudioVersion = 15.0.27130.2036
MinimumVisualStudioVersion = 10.0.40219.1
Project("{FAE04EC0-301F-11D3-BF4B-00C04F79EFBC}") = "配色pro", "配色pro\配色pro.csproj", "{3822034C-A25A-4C5F-BE8B-6A5272DCFD87}"
EndProject
Project("{FAE04EC0-301F-11D3-BF4B-00C04F79EFBC}") = "配色pro.Pickers", "配色pro.Pickers\配色pro.Pickers.csproj", "{A98E1D13-AED8-4F50-88AC-A2EAA3473891}"
EndProject
Global
	GlobalSection(SolutionConfigurationPlatforms) = preSolution
		Debug|Any CPU = Debug|Any CPU
		Debug|ARM = Debug|ARM
		Debug|x64 = Debug|x64
		Debug|x86 = Debug|x86
		Release|Any CPU = Release|Any CPU
		Release|ARM = Release|ARM
		Release|x64 = Release|x64
		Release|x86 = Release|x86
	EndGlobalSection
	GlobalSection(ProjectConfigurationPlatforms) = postSolution
		{3822034C-A25A-4C5F-BE8B-6A5272DCFD87}.Debug|Any CPU.ActiveCfg = Debug|x86
		{3822034C-A25A-4C5F-BE8B-6A5272DCFD87}.Debug|ARM.ActiveCfg = Debug|ARM
		{3822034C-A25A-4C5F-BE8B-6A5272DCFD87}.Debug|ARM.Build.0 = Debug|ARM
		{3822034C-A25A-4C5F-BE8B-6A5272DCFD87}.Debug|ARM.Deploy.0 = Debug|ARM
		{3822034C-A25A-4C5F-BE8B-6A5272DCFD87}.Debug|x64.ActiveCfg = Debug|x64
		{3822034C-A25A-4C5F-BE8B-6A5272DCFD87}.Debug|x64.Build.0 = Debug|x64
		{3822034C-A25A-4C5F-BE8B-6A5272DCFD87}.Debug|x64.Deploy.0 = Debug|x64
		{3822034C-A25A-4C5F-BE8B-6A5272DCFD87}.Debug|x86.ActiveCfg = Debug|x86
		{3822034C-A25A-4C5F-BE8B-6A5272DCFD87}.Debug|x86.Build.0 = Debug|x86
		{3822034C-A25A-4C5F-BE8B-6A5272DCFD87}.Debug|x86.Deploy.0 = Debug|x86
		{3822034C-A25A-4C5F-BE8B-6A5272DCFD87}.Release|Any CPU.ActiveCfg = Release|x86
		{3822034C-A25A-4C5F-BE8B-6A5272DCFD87}.Release|ARM.ActiveCfg = Release|ARM
		{3822034C-A25A-4C5F-BE8B-6A5272DCFD87}.Release|ARM.Build.0 = Release|ARM
		{3822034C-A25A-4C5F-BE8B-6A5272DCFD87}.Release|ARM.Deploy.0 = Release|ARM
		{3822034C-A25A-4C5F-BE8B-6A5272DCFD87}.Release|x64.ActiveCfg = Release|x64
		{3822034C-A25A-4C5F-BE8B-6A5272DCFD87}.Release|x64.Build.0 = Release|x64
		{3822034C-A25A-4C5F-BE8B-6A5272DCFD87}.Release|x64.Deploy.0 = Release|x64
		{3822034C-A25A-4C5F-BE8B-6A5272DCFD87}.Release|x86.ActiveCfg = Release|x86
		{3822034C-A25A-4C5F-BE8B-6A5272DCFD87}.Release|x86.Build.0 = Release|x86
		{3822034C-A25A-4C5F-BE8B-6A5272DCFD87}.Release|x86.Deploy.0 = Release|x86
		{A98E1D13-AED8-4F50-88AC-A2EAA3473891}.Debug|Any CPU.ActiveCfg = Debug|Any CPU
		{A98E1D13-AED8-4F50-88AC-A2EAA3473891}.Debug|Any CPU.Build.0 = Debug|Any CPU
		{A98E1D13-AED8-4F50-88AC-A2EAA3473891}.Debug|ARM.ActiveCfg = Debug|ARM
		{A98E1D13-AED8-4F50-88AC-A2EAA3473891}.Debug|ARM.Build.0 = Debug|ARM
		{A98E1D13-AED8-4F50-88AC-A2EAA3473891}.Debug|x64.ActiveCfg = Debug|x64
		{A98E1D13-AED8-4F50-88AC-A2EAA3473891}.Debug|x64.Build.0 = Debug|x64
		{A98E1D13-AED8-4F50-88AC-A2EAA3473891}.Debug|x86.ActiveCfg = Debug|x86
		{A98E1D13-AED8-4F50-88AC-A2EAA3473891}.Debug|x86.Build.0 = Debug|x86
		{A98E1D13-AED8-4F50-88AC-A2EAA3473891}.Release|Any CPU.ActiveCfg = Release|Any CPU
		{A98E1D13-AED8-4F50-88AC-A2EAA3473891}.Release|Any CPU.Build.0 = Release|Any CPU
		{A98E1D13-AED8-4F50-88AC-A2EAA3473891}.Release|ARM.ActiveCfg = Release|ARM
		{A98E1D13-AED8-4F50-88AC-A2EAA3473891}.Release|ARM.Build.0 = Release|ARM
		{A98E1D13-AED8-4F50-88AC-A2EAA3473891}.Release|x64.ActiveCfg = Release|x64
		{A98E1D13-AED8-4F50-88AC-A2EAA3473891}.Release|x64.Build.0 = Release|x64
		{A98E1D13-AED8-4F50-88AC-A2EAA3473891}.Release|x86.ActiveCfg = Release|x86
		{A98E1D13-AED8-4F50-88AC-A2EAA3473891}.Release|x86.Build.0 = Release|x86
	EndGlobalSection
	GlobalSection(SolutionProperties) = preSolution
		HideSolutionNode = FALSE
	EndGlobalSection
	GlobalSection(ExtensibilityGlobals) = postSolution
		SolutionGuid = {81E81194-3942-4609-9DE5-923067C74B8C}
	EndGlobalSection
EndGlobal
