
Microsoft Visual Studio Solution File, Format Version 12.00
# Visual Studio 15
VisualStudioVersion = 15.0.27130.2036
MinimumVisualStudioVersion = 10.0.40219.1
Project("{FAE04EC0-301F-11D3-BF4B-00C04F79EFBC}") = "配色pro", "配色pro\配色pro.csproj", "{E5B96A92-F90B-45C9-B4A2-0A9F870DAC56}"
EndProject
Project("{FAE04EC0-301F-11D3-BF4B-00C04F79EFBC}") = "配色pro.Pickers", "配色pro.Pickers\配色pro.Pickers.csproj", "{8507CB7F-0ED7-4DBE-977A-8729EFB9030F}"
EndProject
Global
	GlobalSection(SolutionConfigurationPlatforms) = preSolution
		Debug|Any CPU = Debug|Any CPU
		Debug|ARM = Debug|ARM
		Debug|x64 = Debug|x64
		Debug|x86 = Debug|x86
		Release|Any CPU = Release|Any CPU
		Release|ARM = Release|ARM
		Release|x64 = Release|x64
		Release|x86 = Release|x86
	EndGlobalSection
	GlobalSection(ProjectConfigurationPlatforms) = postSolution
		{E5B96A92-F90B-45C9-B4A2-0A9F870DAC56}.Debug|Any CPU.ActiveCfg = Debug|x86
		{E5B96A92-F90B-45C9-B4A2-0A9F870DAC56}.Debug|ARM.ActiveCfg = Debug|ARM
		{E5B96A92-F90B-45C9-B4A2-0A9F870DAC56}.Debug|ARM.Build.0 = Debug|ARM
		{E5B96A92-F90B-45C9-B4A2-0A9F870DAC56}.Debug|ARM.Deploy.0 = Debug|ARM
		{E5B96A92-F90B-45C9-B4A2-0A9F870DAC56}.Debug|x64.ActiveCfg = Debug|x64
		{E5B96A92-F90B-45C9-B4A2-0A9F870DAC56}.Debug|x64.Build.0 = Debug|x64
		{E5B96A92-F90B-45C9-B4A2-0A9F870DAC56}.Debug|x64.Deploy.0 = Debug|x64
		{E5B96A92-F90B-45C9-B4A2-0A9F870DAC56}.Debug|x86.ActiveCfg = Debug|x86
		{E5B96A92-F90B-45C9-B4A2-0A9F870DAC56}.Debug|x86.Build.0 = Debug|x86
		{E5B96A92-F90B-45C9-B4A2-0A9F870DAC56}.Debug|x86.Deploy.0 = Debug|x86
		{E5B96A92-F90B-45C9-B4A2-0A9F870DAC56}.Release|Any CPU.ActiveCfg = Release|x86
		{E5B96A92-F90B-45C9-B4A2-0A9F870DAC56}.Release|ARM.ActiveCfg = Release|ARM
		{E5B96A92-F90B-45C9-B4A2-0A9F870DAC56}.Release|ARM.Build.0 = Release|ARM
		{E5B96A92-F90B-45C9-B4A2-0A9F870DAC56}.Release|ARM.Deploy.0 = Release|ARM
		{E5B96A92-F90B-45C9-B4A2-0A9F870DAC56}.Release|x64.ActiveCfg = Release|x64
		{E5B96A92-F90B-45C9-B4A2-0A9F870DAC56}.Release|x64.Build.0 = Release|x64
		{E5B96A92-F90B-45C9-B4A2-0A9F870DAC56}.Release|x64.Deploy.0 = Release|x64
		{E5B96A92-F90B-45C9-B4A2-0A9F870DAC56}.Release|x86.ActiveCfg = Release|x86
		{E5B96A92-F90B-45C9-B4A2-0A9F870DAC56}.Release|x86.Build.0 = Release|x86
		{E5B96A92-F90B-45C9-B4A2-0A9F870DAC56}.Release|x86.Deploy.0 = Release|x86
		{8507CB7F-0ED7-4DBE-977A-8729EFB9030F}.Debug|Any CPU.ActiveCfg = Debug|Any CPU
		{8507CB7F-0ED7-4DBE-977A-8729EFB9030F}.Debug|Any CPU.Build.0 = Debug|Any CPU
		{8507CB7F-0ED7-4DBE-977A-8729EFB9030F}.Debug|ARM.ActiveCfg = Debug|ARM
		{8507CB7F-0ED7-4DBE-977A-8729EFB9030F}.Debug|ARM.Build.0 = Debug|ARM
		{8507CB7F-0ED7-4DBE-977A-8729EFB9030F}.Debug|x64.ActiveCfg = Debug|x64
		{8507CB7F-0ED7-4DBE-977A-8729EFB9030F}.Debug|x64.Build.0 = Debug|x64
		{8507CB7F-0ED7-4DBE-977A-8729EFB9030F}.Debug|x86.ActiveCfg = Debug|x86
		{8507CB7F-0ED7-4DBE-977A-8729EFB9030F}.Debug|x86.Build.0 = Debug|x86
		{8507CB7F-0ED7-4DBE-977A-8729EFB9030F}.Release|Any CPU.ActiveCfg = Release|Any CPU
		{8507CB7F-0ED7-4DBE-977A-8729EFB9030F}.Release|Any CPU.Build.0 = Release|Any CPU
		{8507CB7F-0ED7-4DBE-977A-8729EFB9030F}.Release|ARM.ActiveCfg = Release|ARM
		{8507CB7F-0ED7-4DBE-977A-8729EFB9030F}.Release|ARM.Build.0 = Release|ARM
		{8507CB7F-0ED7-4DBE-977A-8729EFB9030F}.Release|x64.ActiveCfg = Release|x64
		{8507CB7F-0ED7-4DBE-977A-8729EFB9030F}.Release|x64.Build.0 = Release|x64
		{8507CB7F-0ED7-4DBE-977A-8729EFB9030F}.Release|x86.ActiveCfg = Release|x86
		{8507CB7F-0ED7-4DBE-977A-8729EFB9030F}.Release|x86.Build.0 = Release|x86
	EndGlobalSection
	GlobalSection(SolutionProperties) = preSolution
		HideSolutionNode = FALSE
	EndGlobalSection
	GlobalSection(ExtensibilityGlobals) = postSolution
		SolutionGuid = {81E81194-3942-4609-9DE5-923067C74B8C}
	EndGlobalSection
EndGlobal
